
Microsoft Visual Studio Solution File, Format Version 12.00
# Visual Studio Version 17
VisualStudioVersion = 17.10.35004.147
MinimumVisualStudioVersion = 10.0.40219.1
Project("{FAE04EC0-301F-11D3-BF4B-00C04F79EFBC}") = "01_MainSubjects", "01_MainSubjects\01_MainSubjects.csproj", "{CC960FC0-24FB-4E99-B590-758E513513F4}"
EndProject
Project("{FAE04EC0-301F-11D3-BF4B-00C04F79EFBC}") = "02_Variables", "02_Variables\02_Variables.csproj", "{E8BCF137-4CBC-4D75-A8C5-2DE38D5CB156}"
EndProject
Global
	GlobalSection(SolutionConfigurationPlatforms) = preSolution
		Debug|Any CPU = Debug|Any CPU
		Release|Any CPU = Release|Any CPU
	EndGlobalSection
	GlobalSection(ProjectConfigurationPlatforms) = postSolution
		{CC960FC0-24FB-4E99-B590-758E513513F4}.Debug|Any CPU.ActiveCfg = Debug|Any CPU
		{CC960FC0-24FB-4E99-B590-758E513513F4}.Debug|Any CPU.Build.0 = Debug|Any CPU
		{CC960FC0-24FB-4E99-B590-758E513513F4}.Release|Any CPU.ActiveCfg = Release|Any CPU
		{CC960FC0-24FB-4E99-B590-758E513513F4}.Release|Any CPU.Build.0 = Release|Any CPU
		{E8BCF137-4CBC-4D75-A8C5-2DE38D5CB156}.Debug|Any CPU.ActiveCfg = Debug|Any CPU
		{E8BCF137-4CBC-4D75-A8C5-2DE38D5CB156}.Debug|Any CPU.Build.0 = Debug|Any CPU
		{E8BCF137-4CBC-4D75-A8C5-2DE38D5CB156}.Release|Any CPU.ActiveCfg = Release|Any CPU
		{E8BCF137-4CBC-4D75-A8C5-2DE38D5CB156}.Release|Any CPU.Build.0 = Release|Any CPU
	EndGlobalSection
	GlobalSection(SolutionProperties) = preSolution
		HideSolutionNode = FALSE
	EndGlobalSection
	GlobalSection(ExtensibilityGlobals) = postSolution
		SolutionGuid = {0E73E55D-16CF-4D27-A951-C72392FC1F3C}
	EndGlobalSection
EndGlobal
